{
  "pins" : [
    {
      "identity" : "yandexmapsmobile",
      "kind" : "remoteSourceControl",
      "location" : "https://github.com/c-villain/YandexMapsMobile",
      "state" : {
        "revision" : "d5d2c4b92c519fa3d220eeaa057b0d27b3dbb149",
        "version" : "4.3.1"
      }
    }
  ],
  "version" : 2
}
